
Microsoft Visual Studio Solution File, Format Version 12.00
# Visual Studio Version 17
VisualStudioVersion = 17.0.31903.59
MinimumVisualStudioVersion = 10.0.40219.1
Project("{FAE04EC0-301F-11D3-BF4B-00C04F79EFBC}") = "Services.Swagger", "src//Services//Services.Swagger//Services.Swagger.csproj", "{798D05A4-E9C6-4A2F-B749-13A39590B883}"
EndProject
Project("{2150E333-8FDC-42A3-9474-1A3956D46DE8}") = "Services", "Services", "{979B8373-E73F-4956-808A-046004F169F4}"
EndProject
Project("{2150E333-8FDC-42A3-9474-1A3956D46DE8}") = "Logic", "Logic", "{2518142F-70C2-4489-A676-9842DFDA0AAE}"
EndProject
Project("{FAE04EC0-301F-11D3-BF4B-00C04F79EFBC}") = "Logic.Models", "src\Logic\Logic.Models\Logic.Models.csproj", "{E5A85ECD-EDDB-422A-8675-D9969CA9FC49}"
EndProject
Project("{FAE04EC0-301F-11D3-BF4B-00C04F79EFBC}") = "Logic.Interfaces", "src\Logic\Logic.Interfaces\Logic.Interfaces.csproj", "{99C046D1-EBB1-48E6-BCE7-33356D3E6D58}"
EndProject
Project("{FAE04EC0-301F-11D3-BF4B-00C04F79EFBC}") = "Logic.WeatherMock", "src\Logic\Logic.WeatherMock\Logic.WeatherMock.csproj", "{6F1F9A0C-A905-45A1-8A51-847D12B14B59}"
EndProject
Global
	GlobalSection(SolutionConfigurationPlatforms) = preSolution
		Debug|Any CPU = Debug|Any CPU
		Release|Any CPU = Release|Any CPU
	EndGlobalSection
	GlobalSection(SolutionProperties) = preSolution
		HideSolutionNode = FALSE
	EndGlobalSection
	GlobalSection(ProjectConfigurationPlatforms) = postSolution
		{798D05A4-E9C6-4A2F-B749-13A39590B883}.Debug|Any CPU.ActiveCfg = Debug|Any CPU
		{798D05A4-E9C6-4A2F-B749-13A39590B883}.Debug|Any CPU.Build.0 = Debug|Any CPU
		{798D05A4-E9C6-4A2F-B749-13A39590B883}.Release|Any CPU.ActiveCfg = Release|Any CPU
		{798D05A4-E9C6-4A2F-B749-13A39590B883}.Release|Any CPU.Build.0 = Release|Any CPU
		{E5A85ECD-EDDB-422A-8675-D9969CA9FC49}.Debug|Any CPU.ActiveCfg = Debug|Any CPU
		{E5A85ECD-EDDB-422A-8675-D9969CA9FC49}.Debug|Any CPU.Build.0 = Debug|Any CPU
		{E5A85ECD-EDDB-422A-8675-D9969CA9FC49}.Release|Any CPU.ActiveCfg = Release|Any CPU
		{E5A85ECD-EDDB-422A-8675-D9969CA9FC49}.Release|Any CPU.Build.0 = Release|Any CPU
		{99C046D1-EBB1-48E6-BCE7-33356D3E6D58}.Debug|Any CPU.ActiveCfg = Debug|Any CPU
		{99C046D1-EBB1-48E6-BCE7-33356D3E6D58}.Debug|Any CPU.Build.0 = Debug|Any CPU
		{99C046D1-EBB1-48E6-BCE7-33356D3E6D58}.Release|Any CPU.ActiveCfg = Release|Any CPU
		{99C046D1-EBB1-48E6-BCE7-33356D3E6D58}.Release|Any CPU.Build.0 = Release|Any CPU
		{6F1F9A0C-A905-45A1-8A51-847D12B14B59}.Debug|Any CPU.ActiveCfg = Debug|Any CPU
		{6F1F9A0C-A905-45A1-8A51-847D12B14B59}.Debug|Any CPU.Build.0 = Debug|Any CPU
		{6F1F9A0C-A905-45A1-8A51-847D12B14B59}.Release|Any CPU.ActiveCfg = Release|Any CPU
		{6F1F9A0C-A905-45A1-8A51-847D12B14B59}.Release|Any CPU.Build.0 = Release|Any CPU
	EndGlobalSection
	GlobalSection(NestedProjects) = preSolution
		{798D05A4-E9C6-4A2F-B749-13A39590B883} = {979B8373-E73F-4956-808A-046004F169F4}
		{E5A85ECD-EDDB-422A-8675-D9969CA9FC49} = {2518142F-70C2-4489-A676-9842DFDA0AAE}
		{99C046D1-EBB1-48E6-BCE7-33356D3E6D58} = {2518142F-70C2-4489-A676-9842DFDA0AAE}
		{6F1F9A0C-A905-45A1-8A51-847D12B14B59} = {2518142F-70C2-4489-A676-9842DFDA0AAE}
	EndGlobalSection
EndGlobal
