
Microsoft Visual Studio Solution File, Format Version 12.00
# Visual Studio 15
VisualStudioVersion = 15.0.26403.7
MinimumVisualStudioVersion = 10.0.40219.1
Project("{2150E333-8FDC-42A3-9474-1A3956D46DE8}") = "Data", "Data", "{604D4209-6AD7-4ECD-8462-5D6B54E29F9A}"
EndProject
Project("{00D1A9C2-B5F0-4AF3-8072-F6C62B433612}") = "Data.Database", "Data\Data.Database\Data.Database.sqlproj", "{032B39E9-B87B-4A22-9EE6-555B3A85B736}"
EndProject
Project("{FAE04EC0-301F-11D3-BF4B-00C04F79EFBC}") = "Data.Core", "Data\Data.Core\Data.Core.csproj", "{A8E09B74-92A6-4626-BBDB-306B0EEE2F31}"
EndProject
Project("{2150E333-8FDC-42A3-9474-1A3956D46DE8}") = "Tests", "Tests", "{986A9CD7-EA63-411E-A296-607EF7A2475F}"
EndProject
Project("{FAE04EC0-301F-11D3-BF4B-00C04F79EFBC}") = "Tests.TestConsole", "Tests\Tests.TestConsole\Tests.TestConsole.csproj", "{CA771274-C01A-4F66-9073-85B86CE79A21}"
EndProject
Project("{2150E333-8FDC-42A3-9474-1A3956D46DE8}") = "Logic", "Logic", "{C9D65A08-237B-4C60-A921-FE60552ECCD0}"
EndProject
Project("{FAE04EC0-301F-11D3-BF4B-00C04F79EFBC}") = "Logic.Shared", "Logic\Logic.Shared\Logic.Shared.csproj", "{700F528A-1268-47D2-A5E9-486276ECE6EC}"
EndProject
Project("{FAE04EC0-301F-11D3-BF4B-00C04F79EFBC}") = "Logic.Core", "Logic\Logic.Core\Logic.Core.csproj", "{55F91762-9C8B-40A9-BDDE-BFAF852DD457}"
EndProject
Project("{FAE04EC0-301F-11D3-BF4B-00C04F79EFBC}") = "Tests.Logic.Core", "Tests\Tests.Logic.Core\Tests.Logic.Core.csproj", "{16B6195C-DBE3-46EB-A7C7-8CD8ABBC4FE0}"
EndProject
Project("{2150E333-8FDC-42A3-9474-1A3956D46DE8}") = "Ui", "Ui", "{3AB3B2EC-1112-4EAD-8E6E-AC9DF34EBCAD}"
EndProject
Project("{FAE04EC0-301F-11D3-BF4B-00C04F79EFBC}") = "Ui.WebApp", "Ui\Ui.WebApp\Ui.WebApp.csproj", "{EA660504-7A63-4197-ACE7-23221BD4B3BF}"
EndProject
Project("{FAE04EC0-301F-11D3-BF4B-00C04F79EFBC}") = "Logic.Ui", "Logic\Logic.Ui\Logic.Ui.csproj", "{7B84F09B-069A-4B2F-A073-54D0C62CCE62}"
EndProject
Project("{2150E333-8FDC-42A3-9474-1A3956D46DE8}") = "Services", "Services", "{A499E426-0BF3-4B84-847C-C03DFD6A4865}"
EndProject
Project("{FAE04EC0-301F-11D3-BF4B-00C04F79EFBC}") = "Services.Api", "Services\Services.Api\Services.Api.csproj", "{8E0AC6B2-B475-45F2-9216-A4784C24955A}"
EndProject
Global
	GlobalSection(SolutionConfigurationPlatforms) = preSolution
		Debug|Any CPU = Debug|Any CPU
		Release|Any CPU = Release|Any CPU
	EndGlobalSection
	GlobalSection(ProjectConfigurationPlatforms) = postSolution
		{032B39E9-B87B-4A22-9EE6-555B3A85B736}.Debug|Any CPU.ActiveCfg = Debug|Any CPU
		{032B39E9-B87B-4A22-9EE6-555B3A85B736}.Debug|Any CPU.Build.0 = Debug|Any CPU
		{032B39E9-B87B-4A22-9EE6-555B3A85B736}.Debug|Any CPU.Deploy.0 = Debug|Any CPU
		{032B39E9-B87B-4A22-9EE6-555B3A85B736}.Release|Any CPU.ActiveCfg = Release|Any CPU
		{032B39E9-B87B-4A22-9EE6-555B3A85B736}.Release|Any CPU.Build.0 = Release|Any CPU
		{032B39E9-B87B-4A22-9EE6-555B3A85B736}.Release|Any CPU.Deploy.0 = Release|Any CPU
		{A8E09B74-92A6-4626-BBDB-306B0EEE2F31}.Debug|Any CPU.ActiveCfg = Debug|Any CPU
		{A8E09B74-92A6-4626-BBDB-306B0EEE2F31}.Debug|Any CPU.Build.0 = Debug|Any CPU
		{A8E09B74-92A6-4626-BBDB-306B0EEE2F31}.Release|Any CPU.ActiveCfg = Release|Any CPU
		{A8E09B74-92A6-4626-BBDB-306B0EEE2F31}.Release|Any CPU.Build.0 = Release|Any CPU
		{CA771274-C01A-4F66-9073-85B86CE79A21}.Debug|Any CPU.ActiveCfg = Debug|Any CPU
		{CA771274-C01A-4F66-9073-85B86CE79A21}.Debug|Any CPU.Build.0 = Debug|Any CPU
		{CA771274-C01A-4F66-9073-85B86CE79A21}.Release|Any CPU.ActiveCfg = Release|Any CPU
		{CA771274-C01A-4F66-9073-85B86CE79A21}.Release|Any CPU.Build.0 = Release|Any CPU
		{700F528A-1268-47D2-A5E9-486276ECE6EC}.Debug|Any CPU.ActiveCfg = Debug|Any CPU
		{700F528A-1268-47D2-A5E9-486276ECE6EC}.Debug|Any CPU.Build.0 = Debug|Any CPU
		{700F528A-1268-47D2-A5E9-486276ECE6EC}.Release|Any CPU.ActiveCfg = Release|Any CPU
		{700F528A-1268-47D2-A5E9-486276ECE6EC}.Release|Any CPU.Build.0 = Release|Any CPU
		{55F91762-9C8B-40A9-BDDE-BFAF852DD457}.Debug|Any CPU.ActiveCfg = Debug|Any CPU
		{55F91762-9C8B-40A9-BDDE-BFAF852DD457}.Debug|Any CPU.Build.0 = Debug|Any CPU
		{55F91762-9C8B-40A9-BDDE-BFAF852DD457}.Release|Any CPU.ActiveCfg = Release|Any CPU
		{55F91762-9C8B-40A9-BDDE-BFAF852DD457}.Release|Any CPU.Build.0 = Release|Any CPU
		{16B6195C-DBE3-46EB-A7C7-8CD8ABBC4FE0}.Debug|Any CPU.ActiveCfg = Debug|Any CPU
		{16B6195C-DBE3-46EB-A7C7-8CD8ABBC4FE0}.Debug|Any CPU.Build.0 = Debug|Any CPU
		{16B6195C-DBE3-46EB-A7C7-8CD8ABBC4FE0}.Release|Any CPU.ActiveCfg = Release|Any CPU
		{16B6195C-DBE3-46EB-A7C7-8CD8ABBC4FE0}.Release|Any CPU.Build.0 = Release|Any CPU
		{EA660504-7A63-4197-ACE7-23221BD4B3BF}.Debug|Any CPU.ActiveCfg = Debug|Any CPU
		{EA660504-7A63-4197-ACE7-23221BD4B3BF}.Debug|Any CPU.Build.0 = Debug|Any CPU
		{EA660504-7A63-4197-ACE7-23221BD4B3BF}.Release|Any CPU.ActiveCfg = Release|Any CPU
		{EA660504-7A63-4197-ACE7-23221BD4B3BF}.Release|Any CPU.Build.0 = Release|Any CPU
		{7B84F09B-069A-4B2F-A073-54D0C62CCE62}.Debug|Any CPU.ActiveCfg = Debug|Any CPU
		{7B84F09B-069A-4B2F-A073-54D0C62CCE62}.Debug|Any CPU.Build.0 = Debug|Any CPU
		{7B84F09B-069A-4B2F-A073-54D0C62CCE62}.Release|Any CPU.ActiveCfg = Release|Any CPU
		{7B84F09B-069A-4B2F-A073-54D0C62CCE62}.Release|Any CPU.Build.0 = Release|Any CPU
		{8E0AC6B2-B475-45F2-9216-A4784C24955A}.Debug|Any CPU.ActiveCfg = Debug|Any CPU
		{8E0AC6B2-B475-45F2-9216-A4784C24955A}.Debug|Any CPU.Build.0 = Debug|Any CPU
		{8E0AC6B2-B475-45F2-9216-A4784C24955A}.Release|Any CPU.ActiveCfg = Release|Any CPU
		{8E0AC6B2-B475-45F2-9216-A4784C24955A}.Release|Any CPU.Build.0 = Release|Any CPU
	EndGlobalSection
	GlobalSection(SolutionProperties) = preSolution
		HideSolutionNode = FALSE
	EndGlobalSection
	GlobalSection(NestedProjects) = preSolution
		{032B39E9-B87B-4A22-9EE6-555B3A85B736} = {604D4209-6AD7-4ECD-8462-5D6B54E29F9A}
		{A8E09B74-92A6-4626-BBDB-306B0EEE2F31} = {604D4209-6AD7-4ECD-8462-5D6B54E29F9A}
		{CA771274-C01A-4F66-9073-85B86CE79A21} = {986A9CD7-EA63-411E-A296-607EF7A2475F}
		{700F528A-1268-47D2-A5E9-486276ECE6EC} = {C9D65A08-237B-4C60-A921-FE60552ECCD0}
		{55F91762-9C8B-40A9-BDDE-BFAF852DD457} = {C9D65A08-237B-4C60-A921-FE60552ECCD0}
		{16B6195C-DBE3-46EB-A7C7-8CD8ABBC4FE0} = {986A9CD7-EA63-411E-A296-607EF7A2475F}
		{EA660504-7A63-4197-ACE7-23221BD4B3BF} = {3AB3B2EC-1112-4EAD-8E6E-AC9DF34EBCAD}
		{7B84F09B-069A-4B2F-A073-54D0C62CCE62} = {C9D65A08-237B-4C60-A921-FE60552ECCD0}
		{8E0AC6B2-B475-45F2-9216-A4784C24955A} = {A499E426-0BF3-4B84-847C-C03DFD6A4865}
	EndGlobalSection
EndGlobal
